{
  "name": "comentarismoanalytics",
  "version": "1.0.0",
  "lockfileVersion": 1,
  "dependencies": {
    "double-ended-queue": {
      "version": "2.1.0-0",
      "resolved": "https://registry.npmjs.org/double-ended-queue/-/double-ended-queue-2.1.0-0.tgz",
      "integrity": "sha1-ED01J/0xUo9AGIEwyEHv3XgmTlw="
    },
    "minimist": {
      "version": "0.0.8",
      "resolved": "https://registry.npmjs.org/minimist/-/minimist-0.0.8.tgz",
      "integrity": "sha1-hX/Kv8M5fSYluCKCYuhqp6ARsF0="
    },
    "minipass": {
      "version": "2.1.1",
      "resolved": "https://registry.npmjs.org/minipass/-/minipass-2.1.1.tgz",
      "integrity": "sha512-xZjdNWL+9Z5Ut0Ay+S/2JJranFcuJJMmXIRKbFEpzETZITghn5w3Gf524kwfrpB7Jm8QplXwKJnkDn/pdF3/7Q=="
    },
    "minizlib": {
      "version": "1.0.3",
      "resolved": "https://registry.npmjs.org/minizlib/-/minizlib-1.0.3.tgz",
      "integrity": "sha1-1cGr93vhVGGZUuJTM27Mq5sqMvU="
    },
    "mkdirp": {
      "version": "0.5.1",
      "resolved": "https://registry.npmjs.org/mkdirp/-/mkdirp-0.5.1.tgz",
      "integrity": "sha1-MAV0OOrGz3+MR2fzhkjWaX11yQM="
    },
    "redis": {
      "version": "2.6.3",
      "resolved": "https://registry.npmjs.org/redis/-/redis-2.6.3.tgz",
      "integrity": "sha1-hDBbklU8ah8Jx8R8MLEazn27etQ="
    },
    "redis-commands": {
      "version": "1.3.1",
      "resolved": "https://registry.npmjs.org/redis-commands/-/redis-commands-1.3.1.tgz",
      "integrity": "sha1-gdgm9F+pyLIBH0zXoP5ZfSQdRCs="
    },
    "redis-parser": {
      "version": "2.6.0",
      "resolved": "https://registry.npmjs.org/redis-parser/-/redis-parser-2.6.0.tgz",
      "integrity": "sha1-Uu0J2srBCPGmMcB+m2mUHnoZUEs="
    },
    "request-ip": {
      "version": "1.2.3",
      "resolved": "https://registry.npmjs.org/request-ip/-/request-ip-1.2.3.tgz",
      "integrity": "sha1-ZpiPDiJAbsSvYw0ZtXP+S0R8O0k="
    },
    "tar": {
      "version": "3.1.5",
      "resolved": "https://registry.npmjs.org/tar/-/tar-3.1.5.tgz",
      "integrity": "sha512-TKJKz1fqBOZBaIQ/MGRKU0EnTGmKMLy4ReTRgP10AgtfOWBbj9PBg4MgY80GFpqGbs2EzcIctW5gbwbP4woDYg=="
    },
    "wordnet-db": {
      "version": "3.1.6",
      "resolved": "https://registry.npmjs.org/wordnet-db/-/wordnet-db-3.1.6.tgz",
      "integrity": "sha1-75kaOOmGq5HhsDai+ZF5jBNiD5g="
    },
    "yallist": {
      "version": "3.0.2",
      "resolved": "https://registry.npmjs.org/yallist/-/yallist-3.0.2.tgz",
      "integrity": "sha1-hFK0u36Dx8GI2AQcGoN8dz1ti7k="
    }
  }
}
