# THIS IS AN AUTOGENERATED FILE. DO NOT EDIT THIS FILE DIRECTLY.
# yarn lockfile v1


array-iterate@^1.0.0:
  version "1.1.1"
  resolved "https://registry.yarnpkg.com/array-iterate/-/array-iterate-1.1.1.tgz#865bf7f8af39d6b0982c60902914ac76bc0108f6"

inherits@^2.0.1:
  version "2.0.3"
  resolved "https://registry.yarnpkg.com/inherits/-/inherits-2.0.3.tgz#633c2c83e3da42a502f52466022480f4208261de"

nlcst-to-string@^2.0.0:
  version "2.0.1"
  resolved "https://registry.yarnpkg.com/nlcst-to-string/-/nlcst-to-string-2.0.1.tgz#f90f3cf905c137dc8edd8727fbcde73e73c2a1d9"

parse-english@^4.0.0:
  version "4.0.0"
  resolved "https://registry.yarnpkg.com/parse-english/-/parse-english-4.0.0.tgz#9c201b064a50e58f604e7a4c1e3ec88eba7cb37a"
  dependencies:
    nlcst-to-string "^2.0.0"
    parse-latin "^4.0.0"
    unist-util-modify-children "^1.0.0"
    unist-util-visit-children "^1.0.0"

parse-latin@^4.0.0:
  version "4.0.2"
  resolved "https://registry.yarnpkg.com/parse-latin/-/parse-latin-4.0.2.tgz#e22f99fc1f7c0486b3b904bdf10f13b72a06f08c"
  dependencies:
    nlcst-to-string "^2.0.0"
    unist-util-modify-children "^1.0.0"
    unist-util-visit-children "^1.0.0"

unherit@^1.0.4:
  version "1.1.0"
  resolved "https://registry.yarnpkg.com/unherit/-/unherit-1.1.0.tgz#6b9aaedfbf73df1756ad9e316dd981885840cd7d"
  dependencies:
    inherits "^2.0.1"
    xtend "^4.0.1"

unist-util-modify-children@^1.0.0:
  version "1.1.1"
  resolved "https://registry.yarnpkg.com/unist-util-modify-children/-/unist-util-modify-children-1.1.1.tgz#66d7e6a449e6f67220b976ab3cb8b5ebac39e51d"
  dependencies:
    array-iterate "^1.0.0"

unist-util-visit-children@^1.0.0:
  version "1.1.1"
  resolved "https://registry.yarnpkg.com/unist-util-visit-children/-/unist-util-visit-children-1.1.1.tgz#eba63b371116231181068837118b6e6e10ec8844"

xtend@^4.0.1:
  version "4.0.1"
  resolved "https://registry.yarnpkg.com/xtend/-/xtend-4.0.1.tgz#a5c6d532be656e23db820efb943a1f04998d63af"
